
Microsoft Visual Studio Solution File, Format Version 12.00
# Visual Studio Version 16
VisualStudioVersion = 16.0.31205.134
MinimumVisualStudioVersion = 10.0.40219.1
Project("{FAE04EC0-301F-11D3-BF4B-00C04F79EFBC}") = "IntroductionToBenchmark.NET", "IntroductionToBenchmark.NET\IntroductionToBenchmark.NET.csproj", "{AE480A13-96BA-4EA0-A61B-EC2271D211E4}"
EndProject
Project("{FAE04EC0-301F-11D3-BF4B-00C04F79EFBC}") = "FakeAPI", "FakeAPI\FakeAPI.csproj", "{6D2E23D8-9F7F-4288-B11A-ECB7A0816822}"
EndProject
Global
	GlobalSection(SolutionConfigurationPlatforms) = preSolution
		Debug|Any CPU = Debug|Any CPU
		Release|Any CPU = Release|Any CPU
	EndGlobalSection
	GlobalSection(ProjectConfigurationPlatforms) = postSolution
		{AE480A13-96BA-4EA0-A61B-EC2271D211E4}.Debug|Any CPU.ActiveCfg = Debug|Any CPU
		{AE480A13-96BA-4EA0-A61B-EC2271D211E4}.Debug|Any CPU.Build.0 = Debug|Any CPU
		{AE480A13-96BA-4EA0-A61B-EC2271D211E4}.Release|Any CPU.ActiveCfg = Release|Any CPU
		{AE480A13-96BA-4EA0-A61B-EC2271D211E4}.Release|Any CPU.Build.0 = Release|Any CPU
		{6D2E23D8-9F7F-4288-B11A-ECB7A0816822}.Debug|Any CPU.ActiveCfg = Debug|Any CPU
		{6D2E23D8-9F7F-4288-B11A-ECB7A0816822}.Debug|Any CPU.Build.0 = Debug|Any CPU
		{6D2E23D8-9F7F-4288-B11A-ECB7A0816822}.Release|Any CPU.ActiveCfg = Release|Any CPU
		{6D2E23D8-9F7F-4288-B11A-ECB7A0816822}.Release|Any CPU.Build.0 = Release|Any CPU
	EndGlobalSection
	GlobalSection(SolutionProperties) = preSolution
		HideSolutionNode = FALSE
	EndGlobalSection
	GlobalSection(ExtensibilityGlobals) = postSolution
		SolutionGuid = {4A58860A-84E2-498F-B694-C88644D2792D}
	EndGlobalSection
EndGlobal
